<?xml version="1.0" encoding="utf-8"?>
<Project ToolsVersion="4.0" xmlns="http://schemas.microsoft.com/developer/msbuild/2003">
  <ItemGroup>
    <Filter Include="Source Files">
      <UniqueIdentifier>{4FC737F1-C7A5-4376-A066-2A32D752A2FF}</UniqueIdentifier>
      <Extensions>cpp;c;cc;cxx;def;odl;idl;hpj;bat;asm;asmx</Extensions>
    </Filter>
    <Filter Include="Header Files">
      <UniqueIdentifier>{93995380-89BD-4b04-88EB-625FBE52EBFB}</UniqueIdentifier>
      <Extensions>h;hh;hpp;hxx;hm;inl;inc;xsd</Extensions>
    </Filter>
    <Filter Include="Header Files\util">
      <UniqueIdentifier>{c8916ebc-5dd8-4e38-9845-2eb1cadb38ac}</UniqueIdentifier>
    </Filter>
    <Filter Include="Source Files\util">
      <UniqueIdentifier>{9038857c-c02d-40d9-97c2-8cbe1c4b92a7}</UniqueIdentifier>
    </Filter>
    <Filter Include="Header Files\img">
      <UniqueIdentifier>{e1fe6c01-e5e7-41b1-b6e7-ef523c9166b8}</UniqueIdentifier>
    </Filter>
    <Filter Include="Source Files\img">
      <UniqueIdentifier>{8c5e2ade-4790-4588-9676-f9f0f5a08394}</UniqueIdentifier>
    </Filter>
    <Filter Include="Header Files\io">
      <UniqueIdentifier>{ac04efeb-7b1c-44fd-8758-8c6df620a174}</UniqueIdentifier>
    </Filter>
    <Filter Include="Source Files\io">
      <UniqueIdentifier>{8d47b24b-8345-4e8c-9eda-424854a7e9a9}</UniqueIdentifier>
    </Filter>
  </ItemGroup>
  <ItemGroup>
    <ClCompile Include="..\src\texture_packer.cpp">
      <Filter>Source Files</Filter>
    </ClCompile>
    <ClCompile Include="..\src\binpack.cpp">
      <Filter>Source Files</Filter>
    </ClCompile>
    <ClCompile Include="..\src\main.cpp">
      <Filter>Source Files</Filter>
    </ClCompile>
    <ClCompile Include="..\src\util\rect.cpp">
      <Filter>Source Files\util</Filter>
    </ClCompile>
    <ClCompile Include="..\src\util\size.cpp">
      <Filter>Source Files\util</Filter>
    </ClCompile>
    <ClCompile Include="..\src\util\point.cpp">
      <Filter>Source Files\util</Filter>
    </ClCompile>
    <ClCompile Include="..\src\img\img.cpp">
      <Filter>Source Files\img</Filter>
    </ClCompile>
    <ClCompile Include="..\src\img\jpeg.cpp">
      <Filter>Source Files\img</Filter>
    </ClCompile>
    <ClCompile Include="..\src\img\png.cpp">
      <Filter>Source Files\img</Filter>
    </ClCompile>
    <ClCompile Include="..\src\img\color.cpp">
      <Filter>Source Files\img</Filter>
    </ClCompile>
    <ClCompile Include="..\src\io\freader.cpp">
      <Filter>Source Files\io</Filter>
    </ClCompile>
    <ClCompile Include="..\src\io\fwriter.cpp">
      <Filter>Source Files\io</Filter>
    </ClCompile>
    <ClCompile Include="..\src\io\io_internal.cpp">
      <Filter>Source Files\io</Filter>
    </ClCompile>
    <ClCompile Include="..\src\plist.cpp">
      <Filter>Source Files</Filter>
    </ClCompile>
    <ClCompile Include="..\src\util\vec2.cpp">
      <Filter>Source Files\util</Filter>
    </ClCompile>
  </ItemGroup>
  <ItemGroup>
    <ClInclude Include="..\src\texture_packer.hpp">
      <Filter>Header Files</Filter>
    </ClInclude>
    <ClInclude Include="..\src\binpack.hpp">
      <Filter>Header Files</Filter>
    </ClInclude>
    <ClInclude Include="..\src\util\rect.hpp">
      <Filter>Header Files\util</Filter>
    </ClInclude>
    <ClInclude Include="..\src\util\point.hpp">
      <Filter>Header Files\util</Filter>
    </ClInclude>
    <ClInclude Include="..\src\util\size.hpp">
      <Filter>Header Files\util</Filter>
    </ClInclude>
    <ClInclude Include="..\src\img\img.hpp">
      <Filter>Header Files\img</Filter>
    </ClInclude>
    <ClInclude Include="..\src\img\jpeg.hpp">
      <Filter>Header Files\img</Filter>
    </ClInclude>
    <ClInclude Include="..\src\img\png.hpp">
      <Filter>Header Files\img</Filter>
    </ClInclude>
    <ClInclude Include="..\src\img\color.hpp">
      <Filter>Header Files\img</Filter>
    </ClInclude>
    <ClInclude Include="..\src\io\io.hpp">
      <Filter>Header Files\io</Filter>
    </ClInclude>
    <ClInclude Include="..\src\io\fwriter.hpp">
      <Filter>Header Files\io</Filter>
    </ClInclude>
    <ClInclude Include="..\src\io\freader.hpp">
      <Filter>Header Files\io</Filter>
    </ClInclude>
    <ClInclude Include="..\src\io\io_internal.hpp">
      <Filter>Header Files\io</Filter>
    </ClInclude>
    <ClInclude Include="..\src\plist.hpp">
      <Filter>Header Files</Filter>
    </ClInclude>
    <ClInclude Include="..\src\util\vec2.hpp">
      <Filter>Header Files\util</Filter>
    </ClInclude>
  </ItemGroup>
</Project>